// !$*UTF8*$!
{
	archiveVersion = 1;
	classes = {
	};
	objectVersion = 46;
	objects = {

/* Begin PBXBuildFile section */
		3C2AE88F1962E6E40072CFB3 /* Foundation.framework in Frameworks */ = {isa = PBXBuildFile; fileRef = 3C2AE88E1962E6E40072CFB3 /* Foundation.framework */; };
		3C2AE8911962E6E40072CFB3 /* CoreGraphics.framework in Frameworks */ = {isa = PBXBuildFile; fileRef = 3C2AE8901962E6E40072CFB3 /* CoreGraphics.framework */; };
		3C2AE8931962E6E40072CFB3 /* UIKit.framework in Frameworks */ = {isa = PBXBuildFile; fileRef = 3C2AE8921962E6E40072CFB3 /* UIKit.framework */; };
		3C2AE8991962E6E40072CFB3 /* InfoPlist.strings in Resources */ = {isa = PBXBuildFile; fileRef = 3C2AE8971962E6E40072CFB3 /* InfoPlist.strings */; };
		3C2AE89B1962E6E40072CFB3 /* main.m in Sources */ = {isa = PBXBuildFile; fileRef = 3C2AE89A1962E6E40072CFB3 /* main.m */; };
		3C2AE89F1962E6E40072CFB3 /* PCAppDelegate.m in Sources */ = {isa = PBXBuildFile; fileRef = 3C2AE89E1962E6E40072CFB3 /* PCAppDelegate.m */; };
		3C2AE8A21962E6E40072CFB3 /* Main.storyboard in Resources */ = {isa = PBXBuildFile; fileRef = 3C2AE8A01962E6E40072CFB3 /* Main.storyboard */; };
		3C2AE8A51962E6E40072CFB3 /* PCViewController.m in Sources */ = {isa = PBXBuildFile; fileRef = 3C2AE8A41962E6E40072CFB3 /* PCViewController.m */; };
		3C2AE8A71962E6E40072CFB3 /* Images.xcassets in Resources */ = {isa = PBXBuildFile; fileRef = 3C2AE8A61962E6E40072CFB3 /* Images.xcassets */; };
		3C2AE8AE1962E6E40072CFB3 /* XCTest.framework in Frameworks */ = {isa = PBXBuildFile; fileRef = 3C2AE8AD1962E6E40072CFB3 /* XCTest.framework */; };
		3C2AE8AF1962E6E40072CFB3 /* Foundation.framework in Frameworks */ = {isa = PBXBuildFile; fileRef = 3C2AE88E1962E6E40072CFB3 /* Foundation.framework */; };
		3C2AE8B01962E6E40072CFB3 /* UIKit.framework in Frameworks */ = {isa = PBXBuildFile; fileRef = 3C2AE8921962E6E40072CFB3 /* UIKit.framework */; };
		3C2AE8B81962E6E40072CFB3 /* InfoPlist.strings in Resources */ = {isa = PBXBuildFile; fileRef = 3C2AE8B61962E6E40072CFB3 /* InfoPlist.strings */; };
		3C2AE8BA1962E6E40072CFB3 /* PCViewControllerTests.m in Sources */ = {isa = PBXBuildFile; fileRef = 3C2AE8B91962E6E40072CFB3 /* PCViewControllerTests.m */; };
		3C2AE8C51962E7270072CFB3 /* Podfile in Resources */ = {isa = PBXBuildFile; fileRef = 3C2AE8C41962E7270072CFB3 /* Podfile */; };
		3C2AE8C71962F0A40072CFB3 /* .travis.yml in Resources */ = {isa = PBXBuildFile; fileRef = 3C2AE8C61962F0A40072CFB3 /* .travis.yml */; };
		3C2AE8CB1962F3B10072CFB3 /* README.md in Resources */ = {isa = PBXBuildFile; fileRef = 3C2AE8CA1962F3B10072CFB3 /* README.md */; };
		482B0F1485784D699F462B74 /* libPods-PhilanderyTests.a in Frameworks */ = {isa = PBXBuildFile; fileRef = F4FE56A872674142A1CC22B7 /* libPods-PhilanderyTests.a */; };
		A6F3736DEC8E484581C611A1 /* libPods.a in Frameworks */ = {isa = PBXBuildFile; fileRef = DBDE10F39DD1439DB00F097E /* libPods.a */; };
/* End PBXBuildFile section */

/* Begin PBXContainerItemProxy section */
		3C2AE8B11962E6E40072CFB3 /* PBXContainerItemProxy */ = {
			isa = PBXContainerItemProxy;
			containerPortal = 3C2AE8831962E6E40072CFB3 /* Project object */;
			proxyType = 1;
			remoteGlobalIDString = 3C2AE88A1962E6E40072CFB3;
			remoteInfo = Philandery;
		};
/* End PBXContainerItemProxy section */

/* Begin PBXFileReference section */
		3C2AE88B1962E6E40072CFB3 /* Philandery.app */ = {isa = PBXFileReference; explicitFileType = wrapper.application; includeInIndex = 0; path = Philandery.app; sourceTree = BUILT_PRODUCTS_DIR; };
		3C2AE88E1962E6E40072CFB3 /* Foundation.framework */ = {isa = PBXFileReference; lastKnownFileType = wrapper.framework; name = Foundation.framework; path = System/Library/Frameworks/Foundation.framework; sourceTree = SDKROOT; };
		3C2AE8901962E6E40072CFB3 /* CoreGraphics.framework */ = {isa = PBXFileReference; lastKnownFileType = wrapper.framework; name = CoreGraphics.framework; path = System/Library/Frameworks/CoreGraphics.framework; sourceTree = SDKROOT; };
		3C2AE8921962E6E40072CFB3 /* UIKit.framework */ = {isa = PBXFileReference; lastKnownFileType = wrapper.framework; name = UIKit.framework; path = System/Library/Frameworks/UIKit.framework; sourceTree = SDKROOT; };
		3C2AE8961962E6E40072CFB3 /* Philandery-Info.plist */ = {isa = PBXFileReference; lastKnownFileType = text.plist.xml; path = "Philandery-Info.plist"; sourceTree = "<group>"; };
		3C2AE8981962E6E40072CFB3 /* en */ = {isa = PBXFileReference; lastKnownFileType = text.plist.strings; name = en; path = en.lproj/InfoPlist.strings; sourceTree = "<group>"; };
		3C2AE89A1962E6E40072CFB3 /* main.m */ = {isa = PBXFileReference; lastKnownFileType = sourcecode.c.objc; path = main.m; sourceTree = "<group>"; };
		3C2AE89C1962E6E40072CFB3 /* Philandery-Prefix.pch */ = {isa = PBXFileReference; lastKnownFileType = sourcecode.c.h; path = "Philandery-Prefix.pch"; sourceTree = "<group>"; };
		3C2AE89D1962E6E40072CFB3 /* PCAppDelegate.h */ = {isa = PBXFileReference; lastKnownFileType = sourcecode.c.h; path = PCAppDelegate.h; sourceTree = "<group>"; };
		3C2AE89E1962E6E40072CFB3 /* PCAppDelegate.m */ = {isa = PBXFileReference; lastKnownFileType = sourcecode.c.objc; path = PCAppDelegate.m; sourceTree = "<group>"; };
		3C2AE8A11962E6E40072CFB3 /* Base */ = {isa = PBXFileReference; lastKnownFileType = file.storyboard; name = Base; path = Base.lproj/Main.storyboard; sourceTree = "<group>"; };
		3C2AE8A31962E6E40072CFB3 /* PCViewController.h */ = {isa = PBXFileReference; lastKnownFileType = sourcecode.c.h; path = PCViewController.h; sourceTree = "<group>"; };
		3C2AE8A41962E6E40072CFB3 /* PCViewController.m */ = {isa = PBXFileReference; lastKnownFileType = sourcecode.c.objc; path = PCViewController.m; sourceTree = "<group>"; };
		3C2AE8A61962E6E40072CFB3 /* Images.xcassets */ = {isa = PBXFileReference; lastKnownFileType = folder.assetcatalog; path = Images.xcassets; sourceTree = "<group>"; };
		3C2AE8AC1962E6E40072CFB3 /* PhilanderyTests.xctest */ = {isa = PBXFileReference; explicitFileType = wrapper.cfbundle; includeInIndex = 0; path = PhilanderyTests.xctest; sourceTree = BUILT_PRODUCTS_DIR; };
		3C2AE8AD1962E6E40072CFB3 /* XCTest.framework */ = {isa = PBXFileReference; lastKnownFileType = wrapper.framework; name = XCTest.framework; path = Library/Frameworks/XCTest.framework; sourceTree = DEVELOPER_DIR; };
		3C2AE8B51962E6E40072CFB3 /* PhilanderyTests-Info.plist */ = {isa = PBXFileReference; lastKnownFileType = text.plist.xml; path = "PhilanderyTests-Info.plist"; sourceTree = "<group>"; };
		3C2AE8B71962E6E40072CFB3 /* en */ = {isa = PBXFileReference; lastKnownFileType = text.plist.strings; name = en; path = en.lproj/InfoPlist.strings; sourceTree = "<group>"; };
		3C2AE8B91962E6E40072CFB3 /* PCViewControllerTests.m */ = {isa = PBXFileReference; lastKnownFileType = sourcecode.c.objc; path = PCViewControllerTests.m; sourceTree = "<group>"; };
		3C2AE8C41962E7270072CFB3 /* Podfile */ = {isa = PBXFileReference; fileEncoding = 4; lastKnownFileType = text; path = Podfile; sourceTree = "<group>"; xcLanguageSpecificationIdentifier = xcode.lang.ruby; };
		3C2AE8C61962F0A40072CFB3 /* .travis.yml */ = {isa = PBXFileReference; fileEncoding = 4; lastKnownFileType = text; path = .travis.yml; sourceTree = "<group>"; };
		3C2AE8C91962F15A0072CFB3 /* PhilanderyTests-Prefix.pch */ = {isa = PBXFileReference; fileEncoding = 4; lastKnownFileType = sourcecode.c.h; path = "PhilanderyTests-Prefix.pch"; sourceTree = "<group>"; };
		3C2AE8CA1962F3B10072CFB3 /* README.md */ = {isa = PBXFileReference; fileEncoding = 4; lastKnownFileType = text; path = README.md; sourceTree = "<group>"; };
		A72125DF21F64394BEE647A3 /* Pods.xcconfig */ = {isa = PBXFileReference; includeInIndex = 1; lastKnownFileType = text.xcconfig; name = Pods.xcconfig; path = Pods/Pods.xcconfig; sourceTree = "<group>"; };
		BE26FE0782DA4A2A9440583A /* Pods-PhilanderyTests.xcconfig */ = {isa = PBXFileReference; includeInIndex = 1; lastKnownFileType = text.xcconfig; name = "Pods-PhilanderyTests.xcconfig"; path = "Pods/Pods-PhilanderyTests.xcconfig"; sourceTree = "<group>"; };
		DBDE10F39DD1439DB00F097E /* libPods.a */ = {isa = PBXFileReference; explicitFileType = archive.ar; includeInIndex = 0; path = libPods.a; sourceTree = BUILT_PRODUCTS_DIR; };
		F4FE56A872674142A1CC22B7 /* libPods-PhilanderyTests.a */ = {isa = PBXFileReference; explicitFileType = archive.ar; includeInIndex = 0; path = "libPods-PhilanderyTests.a"; sourceTree = BUILT_PRODUCTS_DIR; };
/* End PBXFileReference section */

/* Begin PBXFrameworksBuildPhase section */
		3C2AE8881962E6E40072CFB3 /* Frameworks */ = {
			isa = PBXFrameworksBuildPhase;
			buildActionMask = 2147483647;
			files = (
				3C2AE8911962E6E40072CFB3 /* CoreGraphics.framework in Frameworks */,
				3C2AE8931962E6E40072CFB3 /* UIKit.framework in Frameworks */,
				3C2AE88F1962E6E40072CFB3 /* Foundation.framework in Frameworks */,
				A6F3736DEC8E484581C611A1 /* libPods.a in Frameworks */,
			);
			runOnlyForDeploymentPostprocessing = 0;
		};
		3C2AE8A91962E6E40072CFB3 /* Frameworks */ = {
			isa = PBXFrameworksBuildPhase;
			buildActionMask = 2147483647;
			files = (
				3C2AE8AE1962E6E40072CFB3 /* XCTest.framework in Frameworks */,
				3C2AE8B01962E6E40072CFB3 /* UIKit.framework in Frameworks */,
				3C2AE8AF1962E6E40072CFB3 /* Foundation.framework in Frameworks */,
				482B0F1485784D699F462B74 /* libPods-PhilanderyTests.a in Frameworks */,
			);
			runOnlyForDeploymentPostprocessing = 0;
		};
/* End PBXFrameworksBuildPhase section */

/* Begin PBXGroup section */
		3C2AE8821962E6E40072CFB3 = {
			isa = PBXGroup;
			children = (
				3C2AE8C31962E71B0072CFB3 /* Build */,
				3C2AE8941962E6E40072CFB3 /* Philandery */,
				3C2AE8B31962E6E40072CFB3 /* PhilanderyTests */,
				3C2AE88D1962E6E40072CFB3 /* Frameworks */,
				3C2AE88C1962E6E40072CFB3 /* Products */,
				A72125DF21F64394BEE647A3 /* Pods.xcconfig */,
				BE26FE0782DA4A2A9440583A /* Pods-PhilanderyTests.xcconfig */,
			);
			sourceTree = "<group>";
		};
		3C2AE88C1962E6E40072CFB3 /* Products */ = {
			isa = PBXGroup;
			children = (
				3C2AE88B1962E6E40072CFB3 /* Philandery.app */,
				3C2AE8AC1962E6E40072CFB3 /* PhilanderyTests.xctest */,
			);
			name = Products;
			sourceTree = "<group>";
		};
		3C2AE88D1962E6E40072CFB3 /* Frameworks */ = {
			isa = PBXGroup;
			children = (
				3C2AE88E1962E6E40072CFB3 /* Foundation.framework */,
				3C2AE8901962E6E40072CFB3 /* CoreGraphics.framework */,
				3C2AE8921962E6E40072CFB3 /* UIKit.framework */,
				3C2AE8AD1962E6E40072CFB3 /* XCTest.framework */,
				DBDE10F39DD1439DB00F097E /* libPods.a */,
				F4FE56A872674142A1CC22B7 /* libPods-PhilanderyTests.a */,
			);
			name = Frameworks;
			sourceTree = "<group>";
		};
		3C2AE8941962E6E40072CFB3 /* Philandery */ = {
			isa = PBXGroup;
			children = (
				3C2AE89D1962E6E40072CFB3 /* PCAppDelegate.h */,
				3C2AE89E1962E6E40072CFB3 /* PCAppDelegate.m */,
				3C2AE8A01962E6E40072CFB3 /* Main.storyboard */,
				3C2AE8A31962E6E40072CFB3 /* PCViewController.h */,
				3C2AE8A41962E6E40072CFB3 /* PCViewController.m */,
				3C2AE8A61962E6E40072CFB3 /* Images.xcassets */,
				3C2AE8951962E6E40072CFB3 /* Supporting Files */,
			);
			path = Philandery;
			sourceTree = "<group>";
		};
		3C2AE8951962E6E40072CFB3 /* Supporting Files */ = {
			isa = PBXGroup;
			children = (
				3C2AE8961962E6E40072CFB3 /* Philandery-Info.plist */,
				3C2AE8971962E6E40072CFB3 /* InfoPlist.strings */,
				3C2AE89A1962E6E40072CFB3 /* main.m */,
				3C2AE89C1962E6E40072CFB3 /* Philandery-Prefix.pch */,
			);
			name = "Supporting Files";
			sourceTree = "<group>";
		};
		3C2AE8B31962E6E40072CFB3 /* PhilanderyTests */ = {
			isa = PBXGroup;
			children = (
				3C2AE8B91962E6E40072CFB3 /* PCViewControllerTests.m */,
				3C2AE8B41962E6E40072CFB3 /* Supporting Files */,
			);
			path = PhilanderyTests;
			sourceTree = "<group>";
		};
		3C2AE8B41962E6E40072CFB3 /* Supporting Files */ = {
			isa = PBXGroup;
			children = (
				3C2AE8B51962E6E40072CFB3 /* PhilanderyTests-Info.plist */,
				3C2AE8B61962E6E40072CFB3 /* InfoPlist.strings */,
				3C2AE8C91962F15A0072CFB3 /* PhilanderyTests-Prefix.pch */,
			);
			name = "Supporting Files";
			sourceTree = "<group>";
		};
		3C2AE8C31962E71B0072CFB3 /* Build */ = {
			isa = PBXGroup;
			children = (
				3C2AE8CA1962F3B10072CFB3 /* README.md */,
				3C2AE8C41962E7270072CFB3 /* Podfile */,
				3C2AE8C61962F0A40072CFB3 /* .travis.yml */,
			);
			name = Build;
			sourceTree = "<group>";
		};
/* End PBXGroup section */

/* Begin PBXNativeTarget section */
		3C2AE88A1962E6E40072CFB3 /* Philandery */ = {
			isa = PBXNativeTarget;
			buildConfigurationList = 3C2AE8BD1962E6E40072CFB3 /* Build configuration list for PBXNativeTarget "Philandery" */;
			buildPhases = (
				C8A9130366BD4EF1AB8456D7 /* Check Pods Manifest.lock */,
				3C2AE8871962E6E40072CFB3 /* Sources */,
				3C2AE8881962E6E40072CFB3 /* Frameworks */,
				3C2AE8891962E6E40072CFB3 /* Resources */,
				E90004B620074172A17A23EF /* Copy Pods Resources */,
			);
			buildRules = (
			);
			dependencies = (
			);
			name = Philandery;
			productName = Philandery;
			productReference = 3C2AE88B1962E6E40072CFB3 /* Philandery.app */;
			productType = "com.apple.product-type.application";
		};
		3C2AE8AB1962E6E40072CFB3 /* PhilanderyTests */ = {
			isa = PBXNativeTarget;
			buildConfigurationList = 3C2AE8C01962E6E40072CFB3 /* Build configuration list for PBXNativeTarget "PhilanderyTests" */;
			buildPhases = (
				5C02E21929444D36B9E64FB4 /* Check Pods Manifest.lock */,
				3C2AE8A81962E6E40072CFB3 /* Sources */,
				3C2AE8A91962E6E40072CFB3 /* Frameworks */,
				3C2AE8AA1962E6E40072CFB3 /* Resources */,
				2BB9754352B14C77A7AA0831 /* Copy Pods Resources */,
			);
			buildRules = (
			);
			dependencies = (
				3C2AE8B21962E6E40072CFB3 /* PBXTargetDependency */,
			);
			name = PhilanderyTests;
			productName = PhilanderyTests;
			productReference = 3C2AE8AC1962E6E40072CFB3 /* PhilanderyTests.xctest */;
			productType = "com.apple.product-type.bundle.unit-test";
		};
/* End PBXNativeTarget section */

/* Begin PBXProject section */
		3C2AE8831962E6E40072CFB3 /* Project object */ = {
			isa = PBXProject;
			attributes = {
				CLASSPREFIX = PC;
				LastUpgradeCheck = 0510;
				ORGANIZATIONNAME = Philandery.app;
				TargetAttributes = {
					3C2AE8AB1962E6E40072CFB3 = {
						TestTargetID = 3C2AE88A1962E6E40072CFB3;
					};
				};
			};
			buildConfigurationList = 3C2AE8861962E6E40072CFB3 /* Build configuration list for PBXProject "Philandery" */;
			compatibilityVersion = "Xcode 3.2";
			developmentRegion = English;
			hasScannedForEncodings = 0;
			knownRegions = (
				en,
				Base,
			);
			mainGroup = 3C2AE8821962E6E40072CFB3;
			productRefGroup = 3C2AE88C1962E6E40072CFB3 /* Products */;
			projectDirPath = "";
			projectRoot = "";
			targets = (
				3C2AE88A1962E6E40072CFB3 /* Philandery */,
				3C2AE8AB1962E6E40072CFB3 /* PhilanderyTests */,
			);
		};
/* End PBXProject section */

/* Begin PBXResourcesBuildPhase section */
		3C2AE8891962E6E40072CFB3 /* Resources */ = {
			isa = PBXResourcesBuildPhase;
			buildActionMask = 2147483647;
			files = (
				3C2AE8CB1962F3B10072CFB3 /* README.md in Resources */,
				3C2AE8C71962F0A40072CFB3 /* .travis.yml in Resources */,
				3C2AE8A71962E6E40072CFB3 /* Images.xcassets in Resources */,
				3C2AE8991962E6E40072CFB3 /* InfoPlist.strings in Resources */,
				3C2AE8C51962E7270072CFB3 /* Podfile in Resources */,
				3C2AE8A21962E6E40072CFB3 /* Main.storyboard in Resources */,
			);
			runOnlyForDeploymentPostprocessing = 0;
		};
		3C2AE8AA1962E6E40072CFB3 /* Resources */ = {
			isa = PBXResourcesBuildPhase;
			buildActionMask = 2147483647;
			files = (
				3C2AE8B81962E6E40072CFB3 /* InfoPlist.strings in Resources */,
			);
			runOnlyForDeploymentPostprocessing = 0;
		};
/* End PBXResourcesBuildPhase section */

/* Begin PBXShellScriptBuildPhase section */
		2BB9754352B14C77A7AA0831 /* Copy Pods Resources */ = {
			isa = PBXShellScriptBuildPhase;
			buildActionMask = 2147483647;
			files = (
			);
			inputPaths = (
			);
			name = "Copy Pods Resources";
			outputPaths = (
			);
			runOnlyForDeploymentPostprocessing = 0;
			shellPath = /bin/sh;
			shellScript = "\"${SRCROOT}/Pods/Pods-PhilanderyTests-resources.sh\"\n";
			showEnvVarsInLog = 0;
		};
		5C02E21929444D36B9E64FB4 /* Check Pods Manifest.lock */ = {
			isa = PBXShellScriptBuildPhase;
			buildActionMask = 2147483647;
			files = (
			);
			inputPaths = (
			);
			name = "Check Pods Manifest.lock";
			outputPaths = (
			);
			runOnlyForDeploymentPostprocessing = 0;
			shellPath = /bin/sh;
			shellScript = "diff \"${PODS_ROOT}/../Podfile.lock\" \"${PODS_ROOT}/Manifest.lock\" > /dev/null\nif [[ $? != 0 ]] ; then\n    cat << EOM\nerror: The sandbox is not in sync with the Podfile.lock. Run 'pod install' or update your CocoaPods installation.\nEOM\n    exit 1\nfi\n";
			showEnvVarsInLog = 0;
		};
		C8A9130366BD4EF1AB8456D7 /* Check Pods Manifest.lock */ = {
			isa = PBXShellScriptBuildPhase;
			buildActionMask = 2147483647;
			files = (
			);
			inputPaths = (
			);
			name = "Check Pods Manifest.lock";
			outputPaths = (
			);
			runOnlyForDeploymentPostprocessing = 0;
			shellPath = /bin/sh;
			shellScript = "diff \"${PODS_ROOT}/../Podfile.lock\" \"${PODS_ROOT}/Manifest.lock\" > /dev/null\nif [[ $? != 0 ]] ; then\n    cat << EOM\nerror: The sandbox is not in sync with the Podfile.lock. Run 'pod install' or update your CocoaPods installation.\nEOM\n    exit 1\nfi\n";
			showEnvVarsInLog = 0;
		};
		E90004B620074172A17A23EF /* Copy Pods Resources */ = {
			isa = PBXShellScriptBuildPhase;
			buildActionMask = 2147483647;
			files = (
			);
			inputPaths = (
			);
			name = "Copy Pods Resources";
			outputPaths = (
			);
			runOnlyForDeploymentPostprocessing = 0;
			shellPath = /bin/sh;
			shellScript = "\"${SRCROOT}/Pods/Pods-resources.sh\"\n";
			showEnvVarsInLog = 0;
		};
/* End PBXShellScriptBuildPhase section */

/* Begin PBXSourcesBuildPhase section */
		3C2AE8871962E6E40072CFB3 /* Sources */ = {
			isa = PBXSourcesBuildPhase;
			buildActionMask = 2147483647;
			files = (
				3C2AE89B1962E6E40072CFB3 /* main.m in Sources */,
				3C2AE8A51962E6E40072CFB3 /* PCViewController.m in Sources */,
				3C2AE89F1962E6E40072CFB3 /* PCAppDelegate.m in Sources */,
			);
			runOnlyForDeploymentPostprocessing = 0;
		};
		3C2AE8A81962E6E40072CFB3 /* Sources */ = {
			isa = PBXSourcesBuildPhase;
			buildActionMask = 2147483647;
			files = (
				3C2AE8BA1962E6E40072CFB3 /* PCViewControllerTests.m in Sources */,
			);
			runOnlyForDeploymentPostprocessing = 0;
		};
/* End PBXSourcesBuildPhase section */

/* Begin PBXTargetDependency section */
		3C2AE8B21962E6E40072CFB3 /* PBXTargetDependency */ = {
			isa = PBXTargetDependency;
			target = 3C2AE88A1962E6E40072CFB3 /* Philandery */;
			targetProxy = 3C2AE8B11962E6E40072CFB3 /* PBXContainerItemProxy */;
		};
/* End PBXTargetDependency section */

/* Begin PBXVariantGroup section */
		3C2AE8971962E6E40072CFB3 /* InfoPlist.strings */ = {
			isa = PBXVariantGroup;
			children = (
				3C2AE8981962E6E40072CFB3 /* en */,
			);
			name = InfoPlist.strings;
			sourceTree = "<group>";
		};
		3C2AE8A01962E6E40072CFB3 /* Main.storyboard */ = {
			isa = PBXVariantGroup;
			children = (
				3C2AE8A11962E6E40072CFB3 /* Base */,
			);
			name = Main.storyboard;
			sourceTree = "<group>";
		};
		3C2AE8B61962E6E40072CFB3 /* InfoPlist.strings */ = {
			isa = PBXVariantGroup;
			children = (
				3C2AE8B71962E6E40072CFB3 /* en */,
			);
			name = InfoPlist.strings;
			sourceTree = "<group>";
		};
/* End PBXVariantGroup section */

/* Begin XCBuildConfiguration section */
		3C2AE8BB1962E6E40072CFB3 /* Debug */ = {
			isa = XCBuildConfiguration;
			buildSettings = {
				ALWAYS_SEARCH_USER_PATHS = NO;
				CLANG_CXX_LANGUAGE_STANDARD = "gnu++0x";
				CLANG_CXX_LIBRARY = "libc++";
				CLANG_ENABLE_MODULES = YES;
				CLANG_ENABLE_OBJC_ARC = YES;
				CLANG_WARN_BOOL_CONVERSION = YES;
				CLANG_WARN_CONSTANT_CONVERSION = YES;
				CLANG_WARN_DIRECT_OBJC_ISA_USAGE = YES_ERROR;
				CLANG_WARN_EMPTY_BODY = YES;
				CLANG_WARN_ENUM_CONVERSION = YES;
				CLANG_WARN_INT_CONVERSION = YES;
				CLANG_WARN_OBJC_ROOT_CLASS = YES_ERROR;
				CLANG_WARN__DUPLICATE_METHOD_MATCH = YES;
				"CODE_SIGN_IDENTITY[sdk=iphoneos*]" = "iPhone Developer";
				COPY_PHASE_STRIP = NO;
				GCC_C_LANGUAGE_STANDARD = gnu99;
				GCC_DYNAMIC_NO_PIC = NO;
				GCC_OPTIMIZATION_LEVEL = 0;
				GCC_PREPROCESSOR_DEFINITIONS = (
					"DEBUG=1",
					"$(inherited)",
				);
				GCC_SYMBOLS_PRIVATE_EXTERN = NO;
				GCC_WARN_64_TO_32_BIT_CONVERSION = YES;
				GCC_WARN_ABOUT_RETURN_TYPE = YES_ERROR;
				GCC_WARN_UNDECLARED_SELECTOR = YES;
				GCC_WARN_UNINITIALIZED_AUTOS = YES_AGGRESSIVE;
				GCC_WARN_UNUSED_FUNCTION = YES;
				GCC_WARN_UNUSED_VARIABLE = YES;
				IPHONEOS_DEPLOYMENT_TARGET = 7.1;
				ONLY_ACTIVE_ARCH = YES;
				SDKROOT = iphoneos;
			};
			name = Debug;
		};
		3C2AE8BC1962E6E40072CFB3 /* Release */ = {
			isa = XCBuildConfiguration;
			buildSettings = {
				ALWAYS_SEARCH_USER_PATHS = NO;
				CLANG_CXX_LANGUAGE_STANDARD = "gnu++0x";
				CLANG_CXX_LIBRARY = "libc++";
				CLANG_ENABLE_MODULES = YES;
				CLANG_ENABLE_OBJC_ARC = YES;
				CLANG_WARN_BOOL_CONVERSION = YES;
				CLANG_WARN_CONSTANT_CONVERSION = YES;
				CLANG_WARN_DIRECT_OBJC_ISA_USAGE = YES_ERROR;
				CLANG_WARN_EMPTY_BODY = YES;
				CLANG_WARN_ENUM_CONVERSION = YES;
				CLANG_WARN_INT_CONVERSION = YES;
				CLANG_WARN_OBJC_ROOT_CLASS = YES_ERROR;
				CLANG_WARN__DUPLICATE_METHOD_MATCH = YES;
				"CODE_SIGN_IDENTITY[sdk=iphoneos*]" = "iPhone Developer";
				COPY_PHASE_STRIP = YES;
				ENABLE_NS_ASSERTIONS = NO;
				GCC_C_LANGUAGE_STANDARD = gnu99;
				GCC_WARN_64_TO_32_BIT_CONVERSION = YES;
				GCC_WARN_ABOUT_RETURN_TYPE = YES_ERROR;
				GCC_WARN_UNDECLARED_SELECTOR = YES;
				GCC_WARN_UNINITIALIZED_AUTOS = YES_AGGRESSIVE;
				GCC_WARN_UNUSED_FUNCTION = YES;
				GCC_WARN_UNUSED_VARIABLE = YES;
				IPHONEOS_DEPLOYMENT_TARGET = 7.1;
				SDKROOT = iphoneos;
				VALIDATE_PRODUCT = YES;
			};
			name = Release;
		};
		3C2AE8BE1962E6E40072CFB3 /* Debug */ = {
			isa = XCBuildConfiguration;
			baseConfigurationReference = A72125DF21F64394BEE647A3 /* Pods.xcconfig */;
			buildSettings = {
				ASSETCATALOG_COMPILER_APPICON_NAME = AppIcon;
				ASSETCATALOG_COMPILER_LAUNCHIMAGE_NAME = LaunchImage;
				GCC_PRECOMPILE_PREFIX_HEADER = YES;
				GCC_PREFIX_HEADER = "Philandery/Philandery-Prefix.pch";
				INFOPLIST_FILE = "Philandery/Philandery-Info.plist";
				PRODUCT_NAME = "$(TARGET_NAME)";
				WRAPPER_EXTENSION = app;
			};
			name = Debug;
		};
		3C2AE8BF1962E6E40072CFB3 /* Release */ = {
			isa = XCBuildConfiguration;
			baseConfigurationReference = A72125DF21F64394BEE647A3 /* Pods.xcconfig */;
			buildSettings = {
				ASSETCATALOG_COMPILER_APPICON_NAME = AppIcon;
				ASSETCATALOG_COMPILER_LAUNCHIMAGE_NAME = LaunchImage;
				GCC_PRECOMPILE_PREFIX_HEADER = YES;
				GCC_PREFIX_HEADER = "Philandery/Philandery-Prefix.pch";
				INFOPLIST_FILE = "Philandery/Philandery-Info.plist";
				PRODUCT_NAME = "$(TARGET_NAME)";
				WRAPPER_EXTENSION = app;
			};
			name = Release;
		};
		3C2AE8C11962E6E40072CFB3 /* Debug */ = {
			isa = XCBuildConfiguration;
			baseConfigurationReference = BE26FE0782DA4A2A9440583A /* Pods-PhilanderyTests.xcconfig */;
			buildSettings = {
				BUNDLE_LOADER = "$(BUILT_PRODUCTS_DIR)/Philandery.app/Philandery";
				FRAMEWORK_SEARCH_PATHS = (
					"$(SDKROOT)/Developer/Library/Frameworks",
					"$(inherited)",
					"$(DEVELOPER_FRAMEWORKS_DIR)",
				);
				GCC_PRECOMPILE_PREFIX_HEADER = YES;
				GCC_PREFIX_HEADER = "PhilanderyTests/PhilanderyTests-Prefix.pch";
				GCC_PREPROCESSOR_DEFINITIONS = (
					"DEBUG=1",
					"$(inherited)",
				);
				INFOPLIST_FILE = "PhilanderyTests/PhilanderyTests-Info.plist";
				PRODUCT_NAME = "$(TARGET_NAME)";
				TEST_HOST = "$(BUNDLE_LOADER)";
				WRAPPER_EXTENSION = xctest;
			};
			name = Debug;
		};
		3C2AE8C21962E6E40072CFB3 /* Release */ = {
			isa = XCBuildConfiguration;
			baseConfigurationReference = BE26FE0782DA4A2A9440583A /* Pods-PhilanderyTests.xcconfig */;
			buildSettings = {
				BUNDLE_LOADER = "$(BUILT_PRODUCTS_DIR)/Philandery.app/Philandery";
				FRAMEWORK_SEARCH_PATHS = (
					"$(SDKROOT)/Developer/Library/Frameworks",
					"$(inherited)",
					"$(DEVELOPER_FRAMEWORKS_DIR)",
				);
				GCC_PRECOMPILE_PREFIX_HEADER = YES;
				GCC_PREFIX_HEADER = "PhilanderyTests/PhilanderyTests-Prefix.pch";
				INFOPLIST_FILE = "PhilanderyTests/PhilanderyTests-Info.plist";
				PRODUCT_NAME = "$(TARGET_NAME)";
				TEST_HOST = "$(BUNDLE_LOADER)";
				WRAPPER_EXTENSION = xctest;
			};
			name = Release;
		};
/* End XCBuildConfiguration section */

/* Begin XCConfigurationList section */
		3C2AE8861962E6E40072CFB3 /* Build configuration list for PBXProject "Philandery" */ = {
			isa = XCConfigurationList;
			buildConfigurations = (
				3C2AE8BB1962E6E40072CFB3 /* Debug */,
				3C2AE8BC1962E6E40072CFB3 /* Release */,
			);
			defaultConfigurationIsVisible = 0;
			defaultConfigurationName = Release;
		};
		3C2AE8BD1962E6E40072CFB3 /* Build configuration list for PBXNativeTarget "Philandery" */ = {
			isa = XCConfigurationList;
			buildConfigurations = (
				3C2AE8BE1962E6E40072CFB3 /* Debug */,
				3C2AE8BF1962E6E40072CFB3 /* Release */,
			);
			defaultConfigurationIsVisible = 0;
			defaultConfigurationName = Release;
		};
		3C2AE8C01962E6E40072CFB3 /* Build configuration list for PBXNativeTarget "PhilanderyTests" */ = {
			isa = XCConfigurationList;
			buildConfigurations = (
				3C2AE8C11962E6E40072CFB3 /* Debug */,
				3C2AE8C21962E6E40072CFB3 /* Release */,
			);
			defaultConfigurationIsVisible = 0;
			defaultConfigurationName = Release;
		};
/* End XCConfigurationList section */
	};
	rootObject = 3C2AE8831962E6E40072CFB3 /* Project object */;
}
